Microsoft Visual Studio Solution File, Format Version 11.00
# Visual Studio 2008

Project("{F01137E7-3913-5D80-4F05-5D74C48BFB47}") = "FunTime", "Assembly-CSharp-firstpass.csproj", "{31EB067B-A9CD-0B11-DEE5-A18061A5B1A4}"
EndProject
Project("{F01137E7-3913-5D80-4F05-5D74C48BFB47}") = "FunTime", "Assembly-CSharp.csproj", "{CA8944D7-502C-73BD-8020-B31337ABEAD5}"
EndProject
Project("{F01137E7-3913-5D80-4F05-5D74C48BFB47}") = "FunTime", "Assembly-CSharp-Editor.csproj", "{11B63FB4-5080-A38D-5F77-90B9550FBF94}"
EndProject
Global
	GlobalSection(SolutionConfigurationPlatforms) = preSolution
		Debug|Any CPU = Debug|Any CPU
		Release|Any CPU = Release|Any CPU
	EndGlobalSection
	GlobalSection(ProjectConfigurationPlatforms) = postSolution
		{31EB067B-A9CD-0B11-DEE5-A18061A5B1A4}.Debug|Any CPU.ActiveCfg = Debug|Any CPU
		{31EB067B-A9CD-0B11-DEE5-A18061A5B1A4}.Debug|Any CPU.Build.0 = Debug|Any CPU
		{31EB067B-A9CD-0B11-DEE5-A18061A5B1A4}.Release|Any CPU.ActiveCfg = Release|Any CPU
		{31EB067B-A9CD-0B11-DEE5-A18061A5B1A4}.Release|Any CPU.Build.0 = Release|Any CPU
		{CA8944D7-502C-73BD-8020-B31337ABEAD5}.Debug|Any CPU.ActiveCfg = Debug|Any CPU
		{CA8944D7-502C-73BD-8020-B31337ABEAD5}.Debug|Any CPU.Build.0 = Debug|Any CPU
		{CA8944D7-502C-73BD-8020-B31337ABEAD5}.Release|Any CPU.ActiveCfg = Release|Any CPU
		{CA8944D7-502C-73BD-8020-B31337ABEAD5}.Release|Any CPU.Build.0 = Release|Any CPU
		{11B63FB4-5080-A38D-5F77-90B9550FBF94}.Debug|Any CPU.ActiveCfg = Debug|Any CPU
		{11B63FB4-5080-A38D-5F77-90B9550FBF94}.Debug|Any CPU.Build.0 = Debug|Any CPU
		{11B63FB4-5080-A38D-5F77-90B9550FBF94}.Release|Any CPU.ActiveCfg = Release|Any CPU
		{11B63FB4-5080-A38D-5F77-90B9550FBF94}.Release|Any CPU.Build.0 = Release|Any CPU
	EndGlobalSection
	GlobalSection(SolutionProperties) = preSolution
		HideSolutionNode = FALSE
	EndGlobalSection
	GlobalSection(MonoDevelopProperties) = preSolution
		StartupItem = Assembly-CSharp.csproj
	EndGlobalSection
EndGlobal
