
Microsoft Visual Studio Solution File, Format Version 12.00
# Visual Studio 2015
Project("{FAE04EC0-301F-11D3-BF4B-00C04F79EFBC}") = "FunTime.CSharp.Plugins", "FunTime.CSharp.Plugins.csproj", "{E87701C4-DDA2-DE34-0A0D-23767A3D9A3C}"
EndProject
Project("{FAE04EC0-301F-11D3-BF4B-00C04F79EFBC}") = "FunTime.CSharp", "FunTime.CSharp.csproj", "{82D2373A-DA76-BAFB-8734-6D099D79967D}"
EndProject
Project("{FAE04EC0-301F-11D3-BF4B-00C04F79EFBC}") = "FunTime.CSharp.Editor", "FunTime.CSharp.Editor.csproj", "{6BDD02DE-2590-DF17-B221-0977B74E9119}"
EndProject
Global
	GlobalSection(SolutionConfigurationPlatforms) = preSolution
		Debug|Any CPU = Debug|Any CPU
		Release|Any CPU = Release|Any CPU
	EndGlobalSection
	GlobalSection(ProjectConfigurationPlatforms) = postSolution
		{E87701C4-DDA2-DE34-0A0D-23767A3D9A3C}.Debug|Any CPU.ActiveCfg = Debug|Any CPU
		{E87701C4-DDA2-DE34-0A0D-23767A3D9A3C}.Debug|Any CPU.Build.0 = Debug|Any CPU
		{E87701C4-DDA2-DE34-0A0D-23767A3D9A3C}.Release|Any CPU.ActiveCfg = Release|Any CPU
		{E87701C4-DDA2-DE34-0A0D-23767A3D9A3C}.Release|Any CPU.Build.0 = Release|Any CPU
		{82D2373A-DA76-BAFB-8734-6D099D79967D}.Debug|Any CPU.ActiveCfg = Debug|Any CPU
		{82D2373A-DA76-BAFB-8734-6D099D79967D}.Debug|Any CPU.Build.0 = Debug|Any CPU
		{82D2373A-DA76-BAFB-8734-6D099D79967D}.Release|Any CPU.ActiveCfg = Release|Any CPU
		{82D2373A-DA76-BAFB-8734-6D099D79967D}.Release|Any CPU.Build.0 = Release|Any CPU
		{6BDD02DE-2590-DF17-B221-0977B74E9119}.Debug|Any CPU.ActiveCfg = Debug|Any CPU
		{6BDD02DE-2590-DF17-B221-0977B74E9119}.Debug|Any CPU.Build.0 = Debug|Any CPU
		{6BDD02DE-2590-DF17-B221-0977B74E9119}.Release|Any CPU.ActiveCfg = Release|Any CPU
		{6BDD02DE-2590-DF17-B221-0977B74E9119}.Release|Any CPU.Build.0 = Release|Any CPU
	EndGlobalSection
	GlobalSection(SolutionProperties) = preSolution
		HideSolutionNode = FALSE
	EndGlobalSection
EndGlobal
